
Microsoft Visual Studio Solution File, Format Version 12.00
# Visual Studio Version 17
VisualStudioVersion = 17.4.33205.214
MinimumVisualStudioVersion = 10.0.40219.1
Project("{FAE04EC0-301F-11D3-BF4B-00C04F79EFBC}") = "SPT_Installer", "SPT_Installer.csproj", "{004BEC63-AAD8-4A73-8DE0-EBC09D79AB44}"
EndProject
Global
	GlobalSection(SolutionConfigurationPlatforms) = preSolution
		Debug|Any CPU = Debug|Any CPU
		Release|Any CPU = Release|Any CPU
	EndGlobalSection
	GlobalSection(ProjectConfigurationPlatforms) = postSolution
		{004BEC63-AAD8-4A73-8DE0-EBC09D79AB44}.Debug|Any CPU.ActiveCfg = Debug|Any CPU
		{004BEC63-AAD8-4A73-8DE0-EBC09D79AB44}.Debug|Any CPU.Build.0 = Debug|Any CPU
		{004BEC63-AAD8-4A73-8DE0-EBC09D79AB44}.Release|Any CPU.ActiveCfg = Release|Any CPU
		{004BEC63-AAD8-4A73-8DE0-EBC09D79AB44}.Release|Any CPU.Build.0 = Release|Any CPU
	EndGlobalSection
	GlobalSection(SolutionProperties) = preSolution
		HideSolutionNode = FALSE
	EndGlobalSection
	GlobalSection(ExtensibilityGlobals) = postSolution
		SolutionGuid = {A891769D-352C-4F64-A035-DEFDBE2F7573}
	EndGlobalSection
EndGlobal
